
Microsoft Visual Studio Solution File, Format Version 12.00
# Visual Studio 15
VisualStudioVersion = 15.0.26124.0
MinimumVisualStudioVersion = 15.0.26124.0
Project("{2150E333-8FDC-42A3-9474-1A3956D46DE8}") = "src", "src", "{D8E57B28-ABBA-49C9-93FF-AEA8888F4311}"
EndProject
Project("{FAE04EC0-301F-11D3-BF4B-00C04F79EFBC}") = "SimpleAPI", "src\SimpleAPI\SimpleAPI.csproj", "{0842814D-E88A-4810-952F-1989C856FC86}"
EndProject
Project("{2150E333-8FDC-42A3-9474-1A3956D46DE8}") = "test", "test", "{17A11748-773A-45B5-923B-523BF5D66739}"
EndProject
Project("{FAE04EC0-301F-11D3-BF4B-00C04F79EFBC}") = "SimpleAPI.Test", "test\SimpleAPI.Test\SimpleAPI.Test.csproj", "{DBC85A06-CB40-4003-B2C8-884C0E5C126D}"
EndProject
Global
	GlobalSection(SolutionConfigurationPlatforms) = preSolution
		Debug|Any CPU = Debug|Any CPU
		Debug|x64 = Debug|x64
		Debug|x86 = Debug|x86
		Release|Any CPU = Release|Any CPU
		Release|x64 = Release|x64
		Release|x86 = Release|x86
	EndGlobalSection
	GlobalSection(SolutionProperties) = preSolution
		HideSolutionNode = FALSE
	EndGlobalSection
	GlobalSection(ProjectConfigurationPlatforms) = postSolution
		{0842814D-E88A-4810-952F-1989C856FC86}.Debug|Any CPU.ActiveCfg = Debug|Any CPU
		{0842814D-E88A-4810-952F-1989C856FC86}.Debug|Any CPU.Build.0 = Debug|Any CPU
		{0842814D-E88A-4810-952F-1989C856FC86}.Debug|x64.ActiveCfg = Debug|Any CPU
		{0842814D-E88A-4810-952F-1989C856FC86}.Debug|x64.Build.0 = Debug|Any CPU
		{0842814D-E88A-4810-952F-1989C856FC86}.Debug|x86.ActiveCfg = Debug|Any CPU
		{0842814D-E88A-4810-952F-1989C856FC86}.Debug|x86.Build.0 = Debug|Any CPU
		{0842814D-E88A-4810-952F-1989C856FC86}.Release|Any CPU.ActiveCfg = Release|Any CPU
		{0842814D-E88A-4810-952F-1989C856FC86}.Release|Any CPU.Build.0 = Release|Any CPU
		{0842814D-E88A-4810-952F-1989C856FC86}.Release|x64.ActiveCfg = Release|Any CPU
		{0842814D-E88A-4810-952F-1989C856FC86}.Release|x64.Build.0 = Release|Any CPU
		{0842814D-E88A-4810-952F-1989C856FC86}.Release|x86.ActiveCfg = Release|Any CPU
		{0842814D-E88A-4810-952F-1989C856FC86}.Release|x86.Build.0 = Release|Any CPU
		{DBC85A06-CB40-4003-B2C8-884C0E5C126D}.Debug|Any CPU.ActiveCfg = Debug|Any CPU
		{DBC85A06-CB40-4003-B2C8-884C0E5C126D}.Debug|Any CPU.Build.0 = Debug|Any CPU
		{DBC85A06-CB40-4003-B2C8-884C0E5C126D}.Debug|x64.ActiveCfg = Debug|Any CPU
		{DBC85A06-CB40-4003-B2C8-884C0E5C126D}.Debug|x64.Build.0 = Debug|Any CPU
		{DBC85A06-CB40-4003-B2C8-884C0E5C126D}.Debug|x86.ActiveCfg = Debug|Any CPU
		{DBC85A06-CB40-4003-B2C8-884C0E5C126D}.Debug|x86.Build.0 = Debug|Any CPU
		{DBC85A06-CB40-4003-B2C8-884C0E5C126D}.Release|Any CPU.ActiveCfg = Release|Any CPU
		{DBC85A06-CB40-4003-B2C8-884C0E5C126D}.Release|Any CPU.Build.0 = Release|Any CPU
		{DBC85A06-CB40-4003-B2C8-884C0E5C126D}.Release|x64.ActiveCfg = Release|Any CPU
		{DBC85A06-CB40-4003-B2C8-884C0E5C126D}.Release|x64.Build.0 = Release|Any CPU
		{DBC85A06-CB40-4003-B2C8-884C0E5C126D}.Release|x86.ActiveCfg = Release|Any CPU
		{DBC85A06-CB40-4003-B2C8-884C0E5C126D}.Release|x86.Build.0 = Release|Any CPU
	EndGlobalSection
	GlobalSection(NestedProjects) = preSolution
		{0842814D-E88A-4810-952F-1989C856FC86} = {D8E57B28-ABBA-49C9-93FF-AEA8888F4311}
		{DBC85A06-CB40-4003-B2C8-884C0E5C126D} = {17A11748-773A-45B5-923B-523BF5D66739}
	EndGlobalSection
EndGlobal
